
Microsoft Visual Studio Solution File, Format Version 12.00
# Visual Studio Version 16
VisualStudioVersion = 16.0.30413.136
MinimumVisualStudioVersion = 10.0.40219.1
Project("{FAE04EC0-301F-11D3-BF4B-00C04F79EFBC}") = "labentry", "labentry\labentry.csproj", "{82799DD1-1F74-40BF-8F15-8F8514F26982}"
EndProject
Global
	GlobalSection(SolutionConfigurationPlatforms) = preSolution
		Debug|Any CPU = Debug|Any CPU
		Release|Any CPU = Release|Any CPU
	EndGlobalSection
	GlobalSection(ProjectConfigurationPlatforms) = postSolution
		{82799DD1-1F74-40BF-8F15-8F8514F26982}.Debug|Any CPU.ActiveCfg = Debug|Any CPU
		{82799DD1-1F74-40BF-8F15-8F8514F26982}.Debug|Any CPU.Build.0 = Debug|Any CPU
		{82799DD1-1F74-40BF-8F15-8F8514F26982}.Release|Any CPU.ActiveCfg = Release|Any CPU
		{82799DD1-1F74-40BF-8F15-8F8514F26982}.Release|Any CPU.Build.0 = Release|Any CPU
	EndGlobalSection
	GlobalSection(SolutionProperties) = preSolution
		HideSolutionNode = FALSE
	EndGlobalSection
	GlobalSection(ExtensibilityGlobals) = postSolution
		SolutionGuid = {52EF1700-C7EB-4E19-8F16-838441EB76F8}
	EndGlobalSection
EndGlobal
